# cv_frontend — the three digests the in-cluster delivery path pins
# (Plan B M3, docs/adr/0019; docs/designs/digest-as-source-of-truth.md
# § "three distinct digests").
#
# Hand-maintained (NOT generated). The digest IS the trust boundary
# (ADR 0001). Updated in a reviewed PR — `mise run frontend:publish` prints
# the new `manifest_digest`; a human copies it here AND into
# `environments/local/flux/frontend.yaml`'s `OCIRepository frontend`
# `ref.digest`. `frontend:publish` never auto-commits.
#
# To re-publish (a new approved cv_frontend image, or a module change):
#   1. get the approved image + its attestation digest (attestation:sign)
#   2. mise run frontend:publish -- <image@digest> <sha256:att> <revision>
#   3. copy the printed manifest_digest -> `manifest_digest` below +
#      frontend.yaml; commit both in the PR
#
# `image_ref` / `attestation_digest` mirror `deploy/frontend/current-image.txt`
# (line 1 / line 2) — the approved image the rendered Deployment runs and
# K1's ImageValidatingPolicy verifies at admission.

# The rendered-manifest OCI artifact — `frontend:publish` flux-pushes it,
# and the Flux `OCIRepository frontend` pulls the identical digest, both
# over `zot.zot.svc.cluster.local:5000` HTTPS (T7c R1b-ii-c — the NodePort
# is gone, host and in-cluster now resolve the same name).
manifests_repo=cv-frontend-manifests
manifest_digest=sha256:aad58cd36c5a6d2d86ded3285b7166d83afac314ca7c71d1e3cffc3a35cffad9
manifest_revision=db174d91

# The approved cv_frontend container image (D_img) + its approval
# attestation (D_att). T7c R2 — repointed from GHCR to the in-cluster zot.
image_ref=zot.zot.svc.cluster.local:5000/cv-frontend@sha256:d0c92cb19745096d0a127f46ff691a3ea72a59d48e7e3b7d154d2466ebec62df
attestation_digest=sha256:c539bd5a51800535de7bd43b245e6278a1d597b5c7d21141d2ef184d126879a2
